
Microsoft Visual Studio Solution File, Format Version 12.00
# Visual Studio Version 16
VisualStudioVersion = 16.0.31702.278
MinimumVisualStudioVersion = 10.0.40219.1
Project("{FAE04EC0-301F-11D3-BF4B-00C04F79EFBC}") = "Monomon", "Monomon.csproj", "{5B0BCB02-94E7-4886-B7B3-21EC09E28A30}"
EndProject
Global
	GlobalSection(SolutionConfigurationPlatforms) = preSolution
		Debug|Any CPU = Debug|Any CPU
		Release|Any CPU = Release|Any CPU
	EndGlobalSection
	GlobalSection(ProjectConfigurationPlatforms) = postSolution
		{5B0BCB02-94E7-4886-B7B3-21EC09E28A30}.Debug|Any CPU.ActiveCfg = Debug|Any CPU
		{5B0BCB02-94E7-4886-B7B3-21EC09E28A30}.Debug|Any CPU.Build.0 = Debug|Any CPU
		{5B0BCB02-94E7-4886-B7B3-21EC09E28A30}.Release|Any CPU.ActiveCfg = Release|Any CPU
		{5B0BCB02-94E7-4886-B7B3-21EC09E28A30}.Release|Any CPU.Build.0 = Release|Any CPU
	EndGlobalSection
	GlobalSection(SolutionProperties) = preSolution
		HideSolutionNode = FALSE
	EndGlobalSection
	GlobalSection(ExtensibilityGlobals) = postSolution
		SolutionGuid = {53178342-BC7A-451E-9226-29E8533854D1}
	EndGlobalSection
EndGlobal
